// !$*UTF8*$!
{
	archiveVersion = 1;
	classes = {
	};
	objectVersion = 48;
	objects = {

/* Begin PBXBuildFile section */
		EC039E651FE1350A004AC703 /* ToDoTableViewController.swift in Sources */ = {isa = PBXBuildFile; fileRef = EC039E641FE1350A004AC703 /* ToDoTableViewController.swift */; };
		EC039E671FE135F5004AC703 /* ToDo.swift in Sources */ = {isa = PBXBuildFile; fileRef = EC039E661FE135F5004AC703 /* ToDo.swift */; };
		EC53C00C1FDF25FB00715C83 /* AppDelegate.swift in Sources */ = {isa = PBXBuildFile; fileRef = EC53C00B1FDF25FB00715C83 /* AppDelegate.swift */; };
		EC53C0111FDF25FB00715C83 /* Main.storyboard in Resources */ = {isa = PBXBuildFile; fileRef = EC53C00F1FDF25FB00715C83 /* Main.storyboard */; };
		EC53C0141FDF25FC00715C83 /* ToDo_List.xcdatamodeld in Sources */ = {isa = PBXBuildFile; fileRef = EC53C0121FDF25FC00715C83 /* ToDo_List.xcdatamodeld */; };
		EC53C0161FDF25FC00715C83 /* Assets.xcassets in Resources */ = {isa = PBXBuildFile; fileRef = EC53C0151FDF25FC00715C83 /* Assets.xcassets */; };
		EC53C0191FDF25FC00715C83 /* LaunchScreen.storyboard in Resources */ = {isa = PBXBuildFile; fileRef = EC53C0171FDF25FC00715C83 /* LaunchScreen.storyboard */; };
		ECD295311FE3076700232818 /* AddToDoViewController.swift in Sources */ = {isa = PBXBuildFile; fileRef = ECD295301FE3076700232818 /* AddToDoViewController.swift */; };
/* End PBXBuildFile section */

/* Begin PBXFileReference section */
		EC039E641FE1350A004AC703 /* ToDoTableViewController.swift */ = {isa = PBXFileReference; lastKnownFileType = sourcecode.swift; path = ToDoTableViewController.swift; sourceTree = "<group>"; };
		EC039E661FE135F5004AC703 /* ToDo.swift */ = {isa = PBXFileReference; lastKnownFileType = sourcecode.swift; path = ToDo.swift; sourceTree = "<group>"; };
		EC53C0081FDF25FB00715C83 /* ToDo List.app */ = {isa = PBXFileReference; explicitFileType = wrapper.application; includeInIndex = 0; path = "ToDo List.app"; sourceTree = BUILT_PRODUCTS_DIR; };
		EC53C00B1FDF25FB00715C83 /* AppDelegate.swift */ = {isa = PBXFileReference; lastKnownFileType = sourcecode.swift; path = AppDelegate.swift; sourceTree = "<group>"; };
		EC53C0101FDF25FB00715C83 /* Base */ = {isa = PBXFileReference; lastKnownFileType = file.storyboard; name = Base; path = Base.lproj/Main.storyboard; sourceTree = "<group>"; };
		EC53C0131FDF25FC00715C83 /* ToDo_List.xcdatamodel */ = {isa = PBXFileReference; lastKnownFileType = wrapper.xcdatamodel; path = ToDo_List.xcdatamodel; sourceTree = "<group>"; };
		EC53C0151FDF25FC00715C83 /* Assets.xcassets */ = {isa = PBXFileReference; lastKnownFileType = folder.assetcatalog; path = Assets.xcassets; sourceTree = "<group>"; };
		EC53C0181FDF25FC00715C83 /* Base */ = {isa = PBXFileReference; lastKnownFileType = file.storyboard; name = Base; path = Base.lproj/LaunchScreen.storyboard; sourceTree = "<group>"; };
		EC53C01A1FDF25FC00715C83 /* Info.plist */ = {isa = PBXFileReference; lastKnownFileType = text.plist.xml; path = Info.plist; sourceTree = "<group>"; };
		ECD295301FE3076700232818 /* AddToDoViewController.swift */ = {isa = PBXFileReference; lastKnownFileType = sourcecode.swift; path = AddToDoViewController.swift; sourceTree = "<group>"; };
/* End PBXFileReference section */

/* Begin PBXFrameworksBuildPhase section */
		EC53C0051FDF25FB00715C83 /* Frameworks */ = {
			isa = PBXFrameworksBuildPhase;
			buildActionMask = 2147483647;
			files = (
			);
			runOnlyForDeploymentPostprocessing = 0;
		};
/* End PBXFrameworksBuildPhase section */

/* Begin PBXGroup section */
		EC53BFFF1FDF25FB00715C83 = {
			isa = PBXGroup;
			children = (
				EC53C00A1FDF25FB00715C83 /* ToDo List */,
				EC53C0091FDF25FB00715C83 /* Products */,
			);
			sourceTree = "<group>";
		};
		EC53C0091FDF25FB00715C83 /* Products */ = {
			isa = PBXGroup;
			children = (
				EC53C0081FDF25FB00715C83 /* ToDo List.app */,
			);
			name = Products;
			sourceTree = "<group>";
		};
		EC53C00A1FDF25FB00715C83 /* ToDo List */ = {
			isa = PBXGroup;
			children = (
				EC53C00B1FDF25FB00715C83 /* AppDelegate.swift */,
				EC039E641FE1350A004AC703 /* ToDoTableViewController.swift */,
				EC039E661FE135F5004AC703 /* ToDo.swift */,
				ECD295301FE3076700232818 /* AddToDoViewController.swift */,
				EC53C00F1FDF25FB00715C83 /* Main.storyboard */,
				EC53C0151FDF25FC00715C83 /* Assets.xcassets */,
				EC53C0171FDF25FC00715C83 /* LaunchScreen.storyboard */,
				EC53C01A1FDF25FC00715C83 /* Info.plist */,
				EC53C0121FDF25FC00715C83 /* ToDo_List.xcdatamodeld */,
			);
			path = "ToDo List";
			sourceTree = "<group>";
		};
/* End PBXGroup section */

/* Begin PBXNativeTarget section */
		EC53C0071FDF25FB00715C83 /* ToDo List */ = {
			isa = PBXNativeTarget;
			buildConfigurationList = EC53C01D1FDF25FC00715C83 /* Build configuration list for PBXNativeTarget "ToDo List" */;
			buildPhases = (
				EC53C0041FDF25FB00715C83 /* Sources */,
				EC53C0051FDF25FB00715C83 /* Frameworks */,
				EC53C0061FDF25FB00715C83 /* Resources */,
			);
			buildRules = (
			);
			dependencies = (
			);
			name = "ToDo List";
			productName = "ToDo List";
			productReference = EC53C0081FDF25FB00715C83 /* ToDo List.app */;
			productType = "com.apple.product-type.application";
		};
/* End PBXNativeTarget section */

/* Begin PBXProject section */
		EC53C0001FDF25FB00715C83 /* Project object */ = {
			isa = PBXProject;
			attributes = {
				LastSwiftUpdateCheck = 0900;
				LastUpgradeCheck = 0900;
				ORGANIZATIONNAME = "Salva Muñoz";
				TargetAttributes = {
					EC53C0071FDF25FB00715C83 = {
						CreatedOnToolsVersion = 9.0;
						ProvisioningStyle = Automatic;
					};
				};
			};
			buildConfigurationList = EC53C0031FDF25FB00715C83 /* Build configuration list for PBXProject "ToDo List" */;
			compatibilityVersion = "Xcode 8.0";
			developmentRegion = en;
			hasScannedForEncodings = 0;
			knownRegions = (
				en,
				Base,
			);
			mainGroup = EC53BFFF1FDF25FB00715C83;
			productRefGroup = EC53C0091FDF25FB00715C83 /* Products */;
			projectDirPath = "";
			projectRoot = "";
			targets = (
				EC53C0071FDF25FB00715C83 /* ToDo List */,
			);
		};
/* End PBXProject section */

/* Begin PBXResourcesBuildPhase section */
		EC53C0061FDF25FB00715C83 /* Resources */ = {
			isa = PBXResourcesBuildPhase;
			buildActionMask = 2147483647;
			files = (
				EC53C0191FDF25FC00715C83 /* LaunchScreen.storyboard in Resources */,
				EC53C0161FDF25FC00715C83 /* Assets.xcassets in Resources */,
				EC53C0111FDF25FB00715C83 /* Main.storyboard in Resources */,
			);
			runOnlyForDeploymentPostprocessing = 0;
		};
/* End PBXResourcesBuildPhase section */

/* Begin PBXSourcesBuildPhase section */
		EC53C0041FDF25FB00715C83 /* Sources */ = {
			isa = PBXSourcesBuildPhase;
			buildActionMask = 2147483647;
			files = (
				EC53C00C1FDF25FB00715C83 /* AppDelegate.swift in Sources */,
				EC039E651FE1350A004AC703 /* ToDoTableViewController.swift in Sources */,
				ECD295311FE3076700232818 /* AddToDoViewController.swift in Sources */,
				EC53C0141FDF25FC00715C83 /* ToDo_List.xcdatamodeld in Sources */,
				EC039E671FE135F5004AC703 /* ToDo.swift in Sources */,
			);
			runOnlyForDeploymentPostprocessing = 0;
		};
/* End PBXSourcesBuildPhase section */

/* Begin PBXVariantGroup section */
		EC53C00F1FDF25FB00715C83 /* Main.storyboard */ = {
			isa = PBXVariantGroup;
			children = (
				EC53C0101FDF25FB00715C83 /* Base */,
			);
			name = Main.storyboard;
			sourceTree = "<group>";
		};
		EC53C0171FDF25FC00715C83 /* LaunchScreen.storyboard */ = {
			isa = PBXVariantGroup;
			children = (
				EC53C0181FDF25FC00715C83 /* Base */,
			);
			name = LaunchScreen.storyboard;
			sourceTree = "<group>";
		};
/* End PBXVariantGroup section */

/* Begin XCBuildConfiguration section */
		EC53C01B1FDF25FC00715C83 /* Debug */ = {
			isa = XCBuildConfiguration;
			buildSettings = {
				ALWAYS_SEARCH_USER_PATHS = NO;
				CLANG_ANALYZER_NONNULL = YES;
				CLANG_ANALYZER_NUMBER_OBJECT_CONVERSION = YES_AGGRESSIVE;
				CLANG_CXX_LANGUAGE_STANDARD = "gnu++14";
				CLANG_CXX_LIBRARY = "libc++";
				CLANG_ENABLE_MODULES = YES;
				CLANG_ENABLE_OBJC_ARC = YES;
				CLANG_WARN_BLOCK_CAPTURE_AUTORELEASING = YES;
				CLANG_WARN_BOOL_CONVERSION = YES;
				CLANG_WARN_COMMA = YES;
				CLANG_WARN_CONSTANT_CONVERSION = YES;
				CLANG_WARN_DIRECT_OBJC_ISA_USAGE = YES_ERROR;
				CLANG_WARN_DOCUMENTATION_COMMENTS = YES;
				CLANG_WARN_EMPTY_BODY = YES;
				CLANG_WARN_ENUM_CONVERSION = YES;
				CLANG_WARN_INFINITE_RECURSION = YES;
				CLANG_WARN_INT_CONVERSION = YES;
				CLANG_WARN_NON_LITERAL_NULL_CONVERSION = YES;
				CLANG_WARN_OBJC_LITERAL_CONVERSION = YES;
				CLANG_WARN_OBJC_ROOT_CLASS = YES_ERROR;
				CLANG_WARN_RANGE_LOOP_ANALYSIS = YES;
				CLANG_WARN_STRICT_PROTOTYPES = YES;
				CLANG_WARN_SUSPICIOUS_MOVE = YES;
				CLANG_WARN_UNGUARDED_AVAILABILITY = YES_AGGRESSIVE;
				CLANG_WARN_UNREACHABLE_CODE = YES;
				CLANG_WARN__DUPLICATE_METHOD_MATCH = YES;
				CODE_SIGN_IDENTITY = "iPhone Developer";
				COPY_PHASE_STRIP = NO;
				DEBUG_INFORMATION_FORMAT = dwarf;
				ENABLE_STRICT_OBJC_MSGSEND = YES;
				ENABLE_TESTABILITY = YES;
				GCC_C_LANGUAGE_STANDARD = gnu11;
				GCC_DYNAMIC_NO_PIC = NO;
				GCC_NO_COMMON_BLOCKS = YES;
				GCC_OPTIMIZATION_LEVEL = 0;
				GCC_PREPROCESSOR_DEFINITIONS = (
					"DEBUG=1",
					"$(inherited)",
				);
				GCC_WARN_64_TO_32_BIT_CONVERSION = YES;
				GCC_WARN_ABOUT_RETURN_TYPE = YES_ERROR;
				GCC_WARN_UNDECLARED_SELECTOR = YES;
				GCC_WARN_UNINITIALIZED_AUTOS = YES_AGGRESSIVE;
				GCC_WARN_UNUSED_FUNCTION = YES;
				GCC_WARN_UNUSED_VARIABLE = YES;
				IPHONEOS_DEPLOYMENT_TARGET = 11.0;
				MTL_ENABLE_DEBUG_INFO = YES;
				ONLY_ACTIVE_ARCH = YES;
				SDKROOT = iphoneos;
				SWIFT_ACTIVE_COMPILATION_CONDITIONS = DEBUG;
				SWIFT_OPTIMIZATION_LEVEL = "-Onone";
			};
			name = Debug;
		};
		EC53C01C1FDF25FC00715C83 /* Release */ = {
			isa = XCBuildConfiguration;
			buildSettings = {
				ALWAYS_SEARCH_USER_PATHS = NO;
				CLANG_ANALYZER_NONNULL = YES;
				CLANG_ANALYZER_NUMBER_OBJECT_CONVERSION = YES_AGGRESSIVE;
				CLANG_CXX_LANGUAGE_STANDARD = "gnu++14";
				CLANG_CXX_LIBRARY = "libc++";
				CLANG_ENABLE_MODULES = YES;
				CLANG_ENABLE_OBJC_ARC = YES;
				CLANG_WARN_BLOCK_CAPTURE_AUTORELEASING = YES;
				CLANG_WARN_BOOL_CONVERSION = YES;
				CLANG_WARN_COMMA = YES;
				CLANG_WARN_CONSTANT_CONVERSION = YES;
				CLANG_WARN_DIRECT_OBJC_ISA_USAGE = YES_ERROR;
				CLANG_WARN_DOCUMENTATION_COMMENTS = YES;
				CLANG_WARN_EMPTY_BODY = YES;
				CLANG_WARN_ENUM_CONVERSION = YES;
				CLANG_WARN_INFINITE_RECURSION = YES;
				CLANG_WARN_INT_CONVERSION = YES;
				CLANG_WARN_NON_LITERAL_NULL_CONVERSION = YES;
				CLANG_WARN_OBJC_LITERAL_CONVERSION = YES;
				CLANG_WARN_OBJC_ROOT_CLASS = YES_ERROR;
				CLANG_WARN_RANGE_LOOP_ANALYSIS = YES;
				CLANG_WARN_STRICT_PROTOTYPES = YES;
				CLANG_WARN_SUSPICIOUS_MOVE = YES;
				CLANG_WARN_UNGUARDED_AVAILABILITY = YES_AGGRESSIVE;
				CLANG_WARN_UNREACHABLE_CODE = YES;
				CLANG_WARN__DUPLICATE_METHOD_MATCH = YES;
				CODE_SIGN_IDENTITY = "iPhone Developer";
				COPY_PHASE_STRIP = NO;
				DEBUG_INFORMATION_FORMAT = "dwarf-with-dsym";
				ENABLE_NS_ASSERTIONS = NO;
				ENABLE_STRICT_OBJC_MSGSEND = YES;
				GCC_C_LANGUAGE_STANDARD = gnu11;
				GCC_NO_COMMON_BLOCKS = YES;
				GCC_WARN_64_TO_32_BIT_CONVERSION = YES;
				GCC_WARN_ABOUT_RETURN_TYPE = YES_ERROR;
				GCC_WARN_UNDECLARED_SELECTOR = YES;
				GCC_WARN_UNINITIALIZED_AUTOS = YES_AGGRESSIVE;
				GCC_WARN_UNUSED_FUNCTION = YES;
				GCC_WARN_UNUSED_VARIABLE = YES;
				IPHONEOS_DEPLOYMENT_TARGET = 11.0;
				MTL_ENABLE_DEBUG_INFO = NO;
				SDKROOT = iphoneos;
				SWIFT_OPTIMIZATION_LEVEL = "-Owholemodule";
				VALIDATE_PRODUCT = YES;
			};
			name = Release;
		};
		EC53C01E1FDF25FC00715C83 /* Debug */ = {
			isa = XCBuildConfiguration;
			buildSettings = {
				ASSETCATALOG_COMPILER_APPICON_NAME = AppIcon;
				CODE_SIGN_STYLE = Automatic;
				INFOPLIST_FILE = "ToDo List/Info.plist";
				LD_RUNPATH_SEARCH_PATHS = "$(inherited) @executable_path/Frameworks";
				PRODUCT_BUNDLE_IDENTIFIER = "salvaMunoz.ToDo-List";
				PRODUCT_NAME = "$(TARGET_NAME)";
				SWIFT_VERSION = 4.0;
				TARGETED_DEVICE_FAMILY = "1,2";
			};
			name = Debug;
		};
		EC53C01F1FDF25FC00715C83 /* Release */ = {
			isa = XCBuildConfiguration;
			buildSettings = {
				ASSETCATALOG_COMPILER_APPICON_NAME = AppIcon;
				CODE_SIGN_STYLE = Automatic;
				INFOPLIST_FILE = "ToDo List/Info.plist";
				LD_RUNPATH_SEARCH_PATHS = "$(inherited) @executable_path/Frameworks";
				PRODUCT_BUNDLE_IDENTIFIER = "salvaMunoz.ToDo-List";
				PRODUCT_NAME = "$(TARGET_NAME)";
				SWIFT_VERSION = 4.0;
				TARGETED_DEVICE_FAMILY = "1,2";
			};
			name = Release;
		};
/* End XCBuildConfiguration section */

/* Begin XCConfigurationList section */
		EC53C0031FDF25FB00715C83 /* Build configuration list for PBXProject "ToDo List" */ = {
			isa = XCConfigurationList;
			buildConfigurations = (
				EC53C01B1FDF25FC00715C83 /* Debug */,
				EC53C01C1FDF25FC00715C83 /* Release */,
			);
			defaultConfigurationIsVisible = 0;
			defaultConfigurationName = Release;
		};
		EC53C01D1FDF25FC00715C83 /* Build configuration list for PBXNativeTarget "ToDo List" */ = {
			isa = XCConfigurationList;
			buildConfigurations = (
				EC53C01E1FDF25FC00715C83 /* Debug */,
				EC53C01F1FDF25FC00715C83 /* Release */,
			);
			defaultConfigurationIsVisible = 0;
			defaultConfigurationName = Release;
		};
/* End XCConfigurationList section */

/* Begin XCVersionGroup section */
		EC53C0121FDF25FC00715C83 /* ToDo_List.xcdatamodeld */ = {
			isa = XCVersionGroup;
			children = (
				EC53C0131FDF25FC00715C83 /* ToDo_List.xcdatamodel */,
			);
			currentVersion = EC53C0131FDF25FC00715C83 /* ToDo_List.xcdatamodel */;
			path = ToDo_List.xcdatamodeld;
			sourceTree = "<group>";
			versionGroupType = wrapper.xcdatamodel;
		};
/* End XCVersionGroup section */
	};
	rootObject = EC53C0001FDF25FB00715C83 /* Project object */;
}
