// !$*UTF8*$!
{
	archiveVersion = 1;
	classes = {
	};
	objectVersion = 48;
	objects = {

/* Begin PBXBuildFile section */
		ECE069891FA2478100EA33F5 /* AppDelegate.swift in Sources */ = {isa = PBXBuildFile; fileRef = ECE069881FA2478100EA33F5 /* AppDelegate.swift */; };
		ECE0698B1FA2478100EA33F5 /* ViewController.swift in Sources */ = {isa = PBXBuildFile; fileRef = ECE0698A1FA2478100EA33F5 /* ViewController.swift */; };
		ECE0698E1FA2478100EA33F5 /* Main.storyboard in Resources */ = {isa = PBXBuildFile; fileRef = ECE0698C1FA2478100EA33F5 /* Main.storyboard */; };
		ECE069901FA2478100EA33F5 /* Assets.xcassets in Resources */ = {isa = PBXBuildFile; fileRef = ECE0698F1FA2478100EA33F5 /* Assets.xcassets */; };
		ECE069931FA2478100EA33F5 /* LaunchScreen.storyboard in Resources */ = {isa = PBXBuildFile; fileRef = ECE069911FA2478100EA33F5 /* LaunchScreen.storyboard */; };
		ECE0699E1FA2478100EA33F5 /* Emoji_DiccionarioTests.swift in Sources */ = {isa = PBXBuildFile; fileRef = ECE0699D1FA2478100EA33F5 /* Emoji_DiccionarioTests.swift */; };
		ECE069A91FA2478100EA33F5 /* Emoji_DiccionarioUITests.swift in Sources */ = {isa = PBXBuildFile; fileRef = ECE069A81FA2478100EA33F5 /* Emoji_DiccionarioUITests.swift */; };
/* End PBXBuildFile section */

/* Begin PBXContainerItemProxy section */
		ECE0699A1FA2478100EA33F5 /* PBXContainerItemProxy */ = {
			isa = PBXContainerItemProxy;
			containerPortal = ECE0697D1FA2478100EA33F5 /* Project object */;
			proxyType = 1;
			remoteGlobalIDString = ECE069841FA2478100EA33F5;
			remoteInfo = "Emoji Diccionario";
		};
		ECE069A51FA2478100EA33F5 /* PBXContainerItemProxy */ = {
			isa = PBXContainerItemProxy;
			containerPortal = ECE0697D1FA2478100EA33F5 /* Project object */;
			proxyType = 1;
			remoteGlobalIDString = ECE069841FA2478100EA33F5;
			remoteInfo = "Emoji Diccionario";
		};
/* End PBXContainerItemProxy section */

/* Begin PBXFileReference section */
		ECE069851FA2478100EA33F5 /* Emoji Diccionario.app */ = {isa = PBXFileReference; explicitFileType = wrapper.application; includeInIndex = 0; path = "Emoji Diccionario.app"; sourceTree = BUILT_PRODUCTS_DIR; };
		ECE069881FA2478100EA33F5 /* AppDelegate.swift */ = {isa = PBXFileReference; lastKnownFileType = sourcecode.swift; path = AppDelegate.swift; sourceTree = "<group>"; };
		ECE0698A1FA2478100EA33F5 /* ViewController.swift */ = {isa = PBXFileReference; lastKnownFileType = sourcecode.swift; path = ViewController.swift; sourceTree = "<group>"; };
		ECE0698D1FA2478100EA33F5 /* Base */ = {isa = PBXFileReference; lastKnownFileType = file.storyboard; name = Base; path = Base.lproj/Main.storyboard; sourceTree = "<group>"; };
		ECE0698F1FA2478100EA33F5 /* Assets.xcassets */ = {isa = PBXFileReference; lastKnownFileType = folder.assetcatalog; path = Assets.xcassets; sourceTree = "<group>"; };
		ECE069921FA2478100EA33F5 /* Base */ = {isa = PBXFileReference; lastKnownFileType = file.storyboard; name = Base; path = Base.lproj/LaunchScreen.storyboard; sourceTree = "<group>"; };
		ECE069941FA2478100EA33F5 /* Info.plist */ = {isa = PBXFileReference; lastKnownFileType = text.plist.xml; path = Info.plist; sourceTree = "<group>"; };
		ECE069991FA2478100EA33F5 /* Emoji DiccionarioTests.xctest */ = {isa = PBXFileReference; explicitFileType = wrapper.cfbundle; includeInIndex = 0; path = "Emoji DiccionarioTests.xctest"; sourceTree = BUILT_PRODUCTS_DIR; };
		ECE0699D1FA2478100EA33F5 /* Emoji_DiccionarioTests.swift */ = {isa = PBXFileReference; lastKnownFileType = sourcecode.swift; path = Emoji_DiccionarioTests.swift; sourceTree = "<group>"; };
		ECE0699F1FA2478100EA33F5 /* Info.plist */ = {isa = PBXFileReference; lastKnownFileType = text.plist.xml; path = Info.plist; sourceTree = "<group>"; };
		ECE069A41FA2478100EA33F5 /* Emoji DiccionarioUITests.xctest */ = {isa = PBXFileReference; explicitFileType = wrapper.cfbundle; includeInIndex = 0; path = "Emoji DiccionarioUITests.xctest"; sourceTree = BUILT_PRODUCTS_DIR; };
		ECE069A81FA2478100EA33F5 /* Emoji_DiccionarioUITests.swift */ = {isa = PBXFileReference; lastKnownFileType = sourcecode.swift; path = Emoji_DiccionarioUITests.swift; sourceTree = "<group>"; };
		ECE069AA1FA2478100EA33F5 /* Info.plist */ = {isa = PBXFileReference; lastKnownFileType = text.plist.xml; path = Info.plist; sourceTree = "<group>"; };
/* End PBXFileReference section */

/* Begin PBXFrameworksBuildPhase section */
		ECE069821FA2478100EA33F5 /* Frameworks */ = {
			isa = PBXFrameworksBuildPhase;
			buildActionMask = 2147483647;
			files = (
			);
			runOnlyForDeploymentPostprocessing = 0;
		};
		ECE069961FA2478100EA33F5 /* Frameworks */ = {
			isa = PBXFrameworksBuildPhase;
			buildActionMask = 2147483647;
			files = (
			);
			runOnlyForDeploymentPostprocessing = 0;
		};
		ECE069A11FA2478100EA33F5 /* Frameworks */ = {
			isa = PBXFrameworksBuildPhase;
			buildActionMask = 2147483647;
			files = (
			);
			runOnlyForDeploymentPostprocessing = 0;
		};
/* End PBXFrameworksBuildPhase section */

/* Begin PBXGroup section */
		ECE0697C1FA2478100EA33F5 = {
			isa = PBXGroup;
			children = (
				ECE069871FA2478100EA33F5 /* Emoji Diccionario */,
				ECE0699C1FA2478100EA33F5 /* Emoji DiccionarioTests */,
				ECE069A71FA2478100EA33F5 /* Emoji DiccionarioUITests */,
				ECE069861FA2478100EA33F5 /* Products */,
			);
			sourceTree = "<group>";
		};
		ECE069861FA2478100EA33F5 /* Products */ = {
			isa = PBXGroup;
			children = (
				ECE069851FA2478100EA33F5 /* Emoji Diccionario.app */,
				ECE069991FA2478100EA33F5 /* Emoji DiccionarioTests.xctest */,
				ECE069A41FA2478100EA33F5 /* Emoji DiccionarioUITests.xctest */,
			);
			name = Products;
			sourceTree = "<group>";
		};
		ECE069871FA2478100EA33F5 /* Emoji Diccionario */ = {
			isa = PBXGroup;
			children = (
				ECE069881FA2478100EA33F5 /* AppDelegate.swift */,
				ECE0698A1FA2478100EA33F5 /* ViewController.swift */,
				ECE0698C1FA2478100EA33F5 /* Main.storyboard */,
				ECE0698F1FA2478100EA33F5 /* Assets.xcassets */,
				ECE069911FA2478100EA33F5 /* LaunchScreen.storyboard */,
				ECE069941FA2478100EA33F5 /* Info.plist */,
			);
			path = "Emoji Diccionario";
			sourceTree = "<group>";
		};
		ECE0699C1FA2478100EA33F5 /* Emoji DiccionarioTests */ = {
			isa = PBXGroup;
			children = (
				ECE0699D1FA2478100EA33F5 /* Emoji_DiccionarioTests.swift */,
				ECE0699F1FA2478100EA33F5 /* Info.plist */,
			);
			path = "Emoji DiccionarioTests";
			sourceTree = "<group>";
		};
		ECE069A71FA2478100EA33F5 /* Emoji DiccionarioUITests */ = {
			isa = PBXGroup;
			children = (
				ECE069A81FA2478100EA33F5 /* Emoji_DiccionarioUITests.swift */,
				ECE069AA1FA2478100EA33F5 /* Info.plist */,
			);
			path = "Emoji DiccionarioUITests";
			sourceTree = "<group>";
		};
/* End PBXGroup section */

/* Begin PBXNativeTarget section */
		ECE069841FA2478100EA33F5 /* Emoji Diccionario */ = {
			isa = PBXNativeTarget;
			buildConfigurationList = ECE069AD1FA2478100EA33F5 /* Build configuration list for PBXNativeTarget "Emoji Diccionario" */;
			buildPhases = (
				ECE069811FA2478100EA33F5 /* Sources */,
				ECE069821FA2478100EA33F5 /* Frameworks */,
				ECE069831FA2478100EA33F5 /* Resources */,
			);
			buildRules = (
			);
			dependencies = (
			);
			name = "Emoji Diccionario";
			productName = "Emoji Diccionario";
			productReference = ECE069851FA2478100EA33F5 /* Emoji Diccionario.app */;
			productType = "com.apple.product-type.application";
		};
		ECE069981FA2478100EA33F5 /* Emoji DiccionarioTests */ = {
			isa = PBXNativeTarget;
			buildConfigurationList = ECE069B01FA2478100EA33F5 /* Build configuration list for PBXNativeTarget "Emoji DiccionarioTests" */;
			buildPhases = (
				ECE069951FA2478100EA33F5 /* Sources */,
				ECE069961FA2478100EA33F5 /* Frameworks */,
				ECE069971FA2478100EA33F5 /* Resources */,
			);
			buildRules = (
			);
			dependencies = (
				ECE0699B1FA2478100EA33F5 /* PBXTargetDependency */,
			);
			name = "Emoji DiccionarioTests";
			productName = "Emoji DiccionarioTests";
			productReference = ECE069991FA2478100EA33F5 /* Emoji DiccionarioTests.xctest */;
			productType = "com.apple.product-type.bundle.unit-test";
		};
		ECE069A31FA2478100EA33F5 /* Emoji DiccionarioUITests */ = {
			isa = PBXNativeTarget;
			buildConfigurationList = ECE069B31FA2478100EA33F5 /* Build configuration list for PBXNativeTarget "Emoji DiccionarioUITests" */;
			buildPhases = (
				ECE069A01FA2478100EA33F5 /* Sources */,
				ECE069A11FA2478100EA33F5 /* Frameworks */,
				ECE069A21FA2478100EA33F5 /* Resources */,
			);
			buildRules = (
			);
			dependencies = (
				ECE069A61FA2478100EA33F5 /* PBXTargetDependency */,
			);
			name = "Emoji DiccionarioUITests";
			productName = "Emoji DiccionarioUITests";
			productReference = ECE069A41FA2478100EA33F5 /* Emoji DiccionarioUITests.xctest */;
			productType = "com.apple.product-type.bundle.ui-testing";
		};
/* End PBXNativeTarget section */

/* Begin PBXProject section */
		ECE0697D1FA2478100EA33F5 /* Project object */ = {
			isa = PBXProject;
			attributes = {
				LastSwiftUpdateCheck = 0900;
				LastUpgradeCheck = 0900;
				ORGANIZATIONNAME = "Salva Muñoz";
				TargetAttributes = {
					ECE069841FA2478100EA33F5 = {
						CreatedOnToolsVersion = 9.0;
						ProvisioningStyle = Automatic;
					};
					ECE069981FA2478100EA33F5 = {
						CreatedOnToolsVersion = 9.0;
						ProvisioningStyle = Automatic;
						TestTargetID = ECE069841FA2478100EA33F5;
					};
					ECE069A31FA2478100EA33F5 = {
						CreatedOnToolsVersion = 9.0;
						ProvisioningStyle = Automatic;
						TestTargetID = ECE069841FA2478100EA33F5;
					};
				};
			};
			buildConfigurationList = ECE069801FA2478100EA33F5 /* Build configuration list for PBXProject "Emoji Diccionario" */;
			compatibilityVersion = "Xcode 8.0";
			developmentRegion = en;
			hasScannedForEncodings = 0;
			knownRegions = (
				en,
				Base,
			);
			mainGroup = ECE0697C1FA2478100EA33F5;
			productRefGroup = ECE069861FA2478100EA33F5 /* Products */;
			projectDirPath = "";
			projectRoot = "";
			targets = (
				ECE069841FA2478100EA33F5 /* Emoji Diccionario */,
				ECE069981FA2478100EA33F5 /* Emoji DiccionarioTests */,
				ECE069A31FA2478100EA33F5 /* Emoji DiccionarioUITests */,
			);
		};
/* End PBXProject section */

/* Begin PBXResourcesBuildPhase section */
		ECE069831FA2478100EA33F5 /* Resources */ = {
			isa = PBXResourcesBuildPhase;
			buildActionMask = 2147483647;
			files = (
				ECE069931FA2478100EA33F5 /* LaunchScreen.storyboard in Resources */,
				ECE069901FA2478100EA33F5 /* Assets.xcassets in Resources */,
				ECE0698E1FA2478100EA33F5 /* Main.storyboard in Resources */,
			);
			runOnlyForDeploymentPostprocessing = 0;
		};
		ECE069971FA2478100EA33F5 /* Resources */ = {
			isa = PBXResourcesBuildPhase;
			buildActionMask = 2147483647;
			files = (
			);
			runOnlyForDeploymentPostprocessing = 0;
		};
		ECE069A21FA2478100EA33F5 /* Resources */ = {
			isa = PBXResourcesBuildPhase;
			buildActionMask = 2147483647;
			files = (
			);
			runOnlyForDeploymentPostprocessing = 0;
		};
/* End PBXResourcesBuildPhase section */

/* Begin PBXSourcesBuildPhase section */
		ECE069811FA2478100EA33F5 /* Sources */ = {
			isa = PBXSourcesBuildPhase;
			buildActionMask = 2147483647;
			files = (
				ECE0698B1FA2478100EA33F5 /* ViewController.swift in Sources */,
				ECE069891FA2478100EA33F5 /* AppDelegate.swift in Sources */,
			);
			runOnlyForDeploymentPostprocessing = 0;
		};
		ECE069951FA2478100EA33F5 /* Sources */ = {
			isa = PBXSourcesBuildPhase;
			buildActionMask = 2147483647;
			files = (
				ECE0699E1FA2478100EA33F5 /* Emoji_DiccionarioTests.swift in Sources */,
			);
			runOnlyForDeploymentPostprocessing = 0;
		};
		ECE069A01FA2478100EA33F5 /* Sources */ = {
			isa = PBXSourcesBuildPhase;
			buildActionMask = 2147483647;
			files = (
				ECE069A91FA2478100EA33F5 /* Emoji_DiccionarioUITests.swift in Sources */,
			);
			runOnlyForDeploymentPostprocessing = 0;
		};
/* End PBXSourcesBuildPhase section */

/* Begin PBXTargetDependency section */
		ECE0699B1FA2478100EA33F5 /* PBXTargetDependency */ = {
			isa = PBXTargetDependency;
			target = ECE069841FA2478100EA33F5 /* Emoji Diccionario */;
			targetProxy = ECE0699A1FA2478100EA33F5 /* PBXContainerItemProxy */;
		};
		ECE069A61FA2478100EA33F5 /* PBXTargetDependency */ = {
			isa = PBXTargetDependency;
			target = ECE069841FA2478100EA33F5 /* Emoji Diccionario */;
			targetProxy = ECE069A51FA2478100EA33F5 /* PBXContainerItemProxy */;
		};
/* End PBXTargetDependency section */

/* Begin PBXVariantGroup section */
		ECE0698C1FA2478100EA33F5 /* Main.storyboard */ = {
			isa = PBXVariantGroup;
			children = (
				ECE0698D1FA2478100EA33F5 /* Base */,
			);
			name = Main.storyboard;
			sourceTree = "<group>";
		};
		ECE069911FA2478100EA33F5 /* LaunchScreen.storyboard */ = {
			isa = PBXVariantGroup;
			children = (
				ECE069921FA2478100EA33F5 /* Base */,
			);
			name = LaunchScreen.storyboard;
			sourceTree = "<group>";
		};
/* End PBXVariantGroup section */

/* Begin XCBuildConfiguration section */
		ECE069AB1FA2478100EA33F5 /* Debug */ = {
			isa = XCBuildConfiguration;
			buildSettings = {
				ALWAYS_SEARCH_USER_PATHS = NO;
				CLANG_ANALYZER_NONNULL = YES;
				CLANG_ANALYZER_NUMBER_OBJECT_CONVERSION = YES_AGGRESSIVE;
				CLANG_CXX_LANGUAGE_STANDARD = "gnu++14";
				CLANG_CXX_LIBRARY = "libc++";
				CLANG_ENABLE_MODULES = YES;
				CLANG_ENABLE_OBJC_ARC = YES;
				CLANG_WARN_BLOCK_CAPTURE_AUTORELEASING = YES;
				CLANG_WARN_BOOL_CONVERSION = YES;
				CLANG_WARN_COMMA = YES;
				CLANG_WARN_CONSTANT_CONVERSION = YES;
				CLANG_WARN_DIRECT_OBJC_ISA_USAGE = YES_ERROR;
				CLANG_WARN_DOCUMENTATION_COMMENTS = YES;
				CLANG_WARN_EMPTY_BODY = YES;
				CLANG_WARN_ENUM_CONVERSION = YES;
				CLANG_WARN_INFINITE_RECURSION = YES;
				CLANG_WARN_INT_CONVERSION = YES;
				CLANG_WARN_NON_LITERAL_NULL_CONVERSION = YES;
				CLANG_WARN_OBJC_LITERAL_CONVERSION = YES;
				CLANG_WARN_OBJC_ROOT_CLASS = YES_ERROR;
				CLANG_WARN_RANGE_LOOP_ANALYSIS = YES;
				CLANG_WARN_STRICT_PROTOTYPES = YES;
				CLANG_WARN_SUSPICIOUS_MOVE = YES;
				CLANG_WARN_UNGUARDED_AVAILABILITY = YES_AGGRESSIVE;
				CLANG_WARN_UNREACHABLE_CODE = YES;
				CLANG_WARN__DUPLICATE_METHOD_MATCH = YES;
				CODE_SIGN_IDENTITY = "iPhone Developer";
				COPY_PHASE_STRIP = NO;
				DEBUG_INFORMATION_FORMAT = dwarf;
				ENABLE_STRICT_OBJC_MSGSEND = YES;
				ENABLE_TESTABILITY = YES;
				GCC_C_LANGUAGE_STANDARD = gnu11;
				GCC_DYNAMIC_NO_PIC = NO;
				GCC_NO_COMMON_BLOCKS = YES;
				GCC_OPTIMIZATION_LEVEL = 0;
				GCC_PREPROCESSOR_DEFINITIONS = (
					"DEBUG=1",
					"$(inherited)",
				);
				GCC_WARN_64_TO_32_BIT_CONVERSION = YES;
				GCC_WARN_ABOUT_RETURN_TYPE = YES_ERROR;
				GCC_WARN_UNDECLARED_SELECTOR = YES;
				GCC_WARN_UNINITIALIZED_AUTOS = YES_AGGRESSIVE;
				GCC_WARN_UNUSED_FUNCTION = YES;
				GCC_WARN_UNUSED_VARIABLE = YES;
				IPHONEOS_DEPLOYMENT_TARGET = 11.0;
				MTL_ENABLE_DEBUG_INFO = YES;
				ONLY_ACTIVE_ARCH = YES;
				SDKROOT = iphoneos;
				SWIFT_ACTIVE_COMPILATION_CONDITIONS = DEBUG;
				SWIFT_OPTIMIZATION_LEVEL = "-Onone";
			};
			name = Debug;
		};
		ECE069AC1FA2478100EA33F5 /* Release */ = {
			isa = XCBuildConfiguration;
			buildSettings = {
				ALWAYS_SEARCH_USER_PATHS = NO;
				CLANG_ANALYZER_NONNULL = YES;
				CLANG_ANALYZER_NUMBER_OBJECT_CONVERSION = YES_AGGRESSIVE;
				CLANG_CXX_LANGUAGE_STANDARD = "gnu++14";
				CLANG_CXX_LIBRARY = "libc++";
				CLANG_ENABLE_MODULES = YES;
				CLANG_ENABLE_OBJC_ARC = YES;
				CLANG_WARN_BLOCK_CAPTURE_AUTORELEASING = YES;
				CLANG_WARN_BOOL_CONVERSION = YES;
				CLANG_WARN_COMMA = YES;
				CLANG_WARN_CONSTANT_CONVERSION = YES;
				CLANG_WARN_DIRECT_OBJC_ISA_USAGE = YES_ERROR;
				CLANG_WARN_DOCUMENTATION_COMMENTS = YES;
				CLANG_WARN_EMPTY_BODY = YES;
				CLANG_WARN_ENUM_CONVERSION = YES;
				CLANG_WARN_INFINITE_RECURSION = YES;
				CLANG_WARN_INT_CONVERSION = YES;
				CLANG_WARN_NON_LITERAL_NULL_CONVERSION = YES;
				CLANG_WARN_OBJC_LITERAL_CONVERSION = YES;
				CLANG_WARN_OBJC_ROOT_CLASS = YES_ERROR;
				CLANG_WARN_RANGE_LOOP_ANALYSIS = YES;
				CLANG_WARN_STRICT_PROTOTYPES = YES;
				CLANG_WARN_SUSPICIOUS_MOVE = YES;
				CLANG_WARN_UNGUARDED_AVAILABILITY = YES_AGGRESSIVE;
				CLANG_WARN_UNREACHABLE_CODE = YES;
				CLANG_WARN__DUPLICATE_METHOD_MATCH = YES;
				CODE_SIGN_IDENTITY = "iPhone Developer";
				COPY_PHASE_STRIP = NO;
				DEBUG_INFORMATION_FORMAT = "dwarf-with-dsym";
				ENABLE_NS_ASSERTIONS = NO;
				ENABLE_STRICT_OBJC_MSGSEND = YES;
				GCC_C_LANGUAGE_STANDARD = gnu11;
				GCC_NO_COMMON_BLOCKS = YES;
				GCC_WARN_64_TO_32_BIT_CONVERSION = YES;
				GCC_WARN_ABOUT_RETURN_TYPE = YES_ERROR;
				GCC_WARN_UNDECLARED_SELECTOR = YES;
				GCC_WARN_UNINITIALIZED_AUTOS = YES_AGGRESSIVE;
				GCC_WARN_UNUSED_FUNCTION = YES;
				GCC_WARN_UNUSED_VARIABLE = YES;
				IPHONEOS_DEPLOYMENT_TARGET = 11.0;
				MTL_ENABLE_DEBUG_INFO = NO;
				SDKROOT = iphoneos;
				SWIFT_OPTIMIZATION_LEVEL = "-Owholemodule";
				VALIDATE_PRODUCT = YES;
			};
			name = Release;
		};
		ECE069AE1FA2478100EA33F5 /* Debug */ = {
			isa = XCBuildConfiguration;
			buildSettings = {
				ASSETCATALOG_COMPILER_APPICON_NAME = AppIcon;
				CODE_SIGN_STYLE = Automatic;
				DEVELOPMENT_TEAM = "";
				INFOPLIST_FILE = "Emoji Diccionario/Info.plist";
				LD_RUNPATH_SEARCH_PATHS = "$(inherited) @executable_path/Frameworks";
				PRODUCT_BUNDLE_IDENTIFIER = "salvaMunoz.Emoji-Diccionario";
				PRODUCT_NAME = "$(TARGET_NAME)";
				SWIFT_VERSION = 4.0;
				TARGETED_DEVICE_FAMILY = "1,2";
			};
			name = Debug;
		};
		ECE069AF1FA2478100EA33F5 /* Release */ = {
			isa = XCBuildConfiguration;
			buildSettings = {
				ASSETCATALOG_COMPILER_APPICON_NAME = AppIcon;
				CODE_SIGN_STYLE = Automatic;
				DEVELOPMENT_TEAM = "";
				INFOPLIST_FILE = "Emoji Diccionario/Info.plist";
				LD_RUNPATH_SEARCH_PATHS = "$(inherited) @executable_path/Frameworks";
				PRODUCT_BUNDLE_IDENTIFIER = "salvaMunoz.Emoji-Diccionario";
				PRODUCT_NAME = "$(TARGET_NAME)";
				SWIFT_VERSION = 4.0;
				TARGETED_DEVICE_FAMILY = "1,2";
			};
			name = Release;
		};
		ECE069B11FA2478100EA33F5 /* Debug */ = {
			isa = XCBuildConfiguration;
			buildSettings = {
				ALWAYS_EMBED_SWIFT_STANDARD_LIBRARIES = YES;
				BUNDLE_LOADER = "$(TEST_HOST)";
				CODE_SIGN_STYLE = Automatic;
				INFOPLIST_FILE = "Emoji DiccionarioTests/Info.plist";
				LD_RUNPATH_SEARCH_PATHS = "$(inherited) @executable_path/Frameworks @loader_path/Frameworks";
				PRODUCT_BUNDLE_IDENTIFIER = "salvaMunoz.Emoji-DiccionarioTests";
				PRODUCT_NAME = "$(TARGET_NAME)";
				SWIFT_VERSION = 4.0;
				TARGETED_DEVICE_FAMILY = "1,2";
				TEST_HOST = "$(BUILT_PRODUCTS_DIR)/Emoji Diccionario.app/Emoji Diccionario";
			};
			name = Debug;
		};
		ECE069B21FA2478100EA33F5 /* Release */ = {
			isa = XCBuildConfiguration;
			buildSettings = {
				ALWAYS_EMBED_SWIFT_STANDARD_LIBRARIES = YES;
				BUNDLE_LOADER = "$(TEST_HOST)";
				CODE_SIGN_STYLE = Automatic;
				INFOPLIST_FILE = "Emoji DiccionarioTests/Info.plist";
				LD_RUNPATH_SEARCH_PATHS = "$(inherited) @executable_path/Frameworks @loader_path/Frameworks";
				PRODUCT_BUNDLE_IDENTIFIER = "salvaMunoz.Emoji-DiccionarioTests";
				PRODUCT_NAME = "$(TARGET_NAME)";
				SWIFT_VERSION = 4.0;
				TARGETED_DEVICE_FAMILY = "1,2";
				TEST_HOST = "$(BUILT_PRODUCTS_DIR)/Emoji Diccionario.app/Emoji Diccionario";
			};
			name = Release;
		};
		ECE069B41FA2478100EA33F5 /* Debug */ = {
			isa = XCBuildConfiguration;
			buildSettings = {
				ALWAYS_EMBED_SWIFT_STANDARD_LIBRARIES = YES;
				CODE_SIGN_STYLE = Automatic;
				INFOPLIST_FILE = "Emoji DiccionarioUITests/Info.plist";
				LD_RUNPATH_SEARCH_PATHS = "$(inherited) @executable_path/Frameworks @loader_path/Frameworks";
				PRODUCT_BUNDLE_IDENTIFIER = "salvaMunoz.Emoji-DiccionarioUITests";
				PRODUCT_NAME = "$(TARGET_NAME)";
				SWIFT_VERSION = 4.0;
				TARGETED_DEVICE_FAMILY = "1,2";
				TEST_TARGET_NAME = "Emoji Diccionario";
			};
			name = Debug;
		};
		ECE069B51FA2478100EA33F5 /* Release */ = {
			isa = XCBuildConfiguration;
			buildSettings = {
				ALWAYS_EMBED_SWIFT_STANDARD_LIBRARIES = YES;
				CODE_SIGN_STYLE = Automatic;
				INFOPLIST_FILE = "Emoji DiccionarioUITests/Info.plist";
				LD_RUNPATH_SEARCH_PATHS = "$(inherited) @executable_path/Frameworks @loader_path/Frameworks";
				PRODUCT_BUNDLE_IDENTIFIER = "salvaMunoz.Emoji-DiccionarioUITests";
				PRODUCT_NAME = "$(TARGET_NAME)";
				SWIFT_VERSION = 4.0;
				TARGETED_DEVICE_FAMILY = "1,2";
				TEST_TARGET_NAME = "Emoji Diccionario";
			};
			name = Release;
		};
/* End XCBuildConfiguration section */

/* Begin XCConfigurationList section */
		ECE069801FA2478100EA33F5 /* Build configuration list for PBXProject "Emoji Diccionario" */ = {
			isa = XCConfigurationList;
			buildConfigurations = (
				ECE069AB1FA2478100EA33F5 /* Debug */,
				ECE069AC1FA2478100EA33F5 /* Release */,
			);
			defaultConfigurationIsVisible = 0;
			defaultConfigurationName = Release;
		};
		ECE069AD1FA2478100EA33F5 /* Build configuration list for PBXNativeTarget "Emoji Diccionario" */ = {
			isa = XCConfigurationList;
			buildConfigurations = (
				ECE069AE1FA2478100EA33F5 /* Debug */,
				ECE069AF1FA2478100EA33F5 /* Release */,
			);
			defaultConfigurationIsVisible = 0;
			defaultConfigurationName = Release;
		};
		ECE069B01FA2478100EA33F5 /* Build configuration list for PBXNativeTarget "Emoji DiccionarioTests" */ = {
			isa = XCConfigurationList;
			buildConfigurations = (
				ECE069B11FA2478100EA33F5 /* Debug */,
				ECE069B21FA2478100EA33F5 /* Release */,
			);
			defaultConfigurationIsVisible = 0;
			defaultConfigurationName = Release;
		};
		ECE069B31FA2478100EA33F5 /* Build configuration list for PBXNativeTarget "Emoji DiccionarioUITests" */ = {
			isa = XCConfigurationList;
			buildConfigurations = (
				ECE069B41FA2478100EA33F5 /* Debug */,
				ECE069B51FA2478100EA33F5 /* Release */,
			);
			defaultConfigurationIsVisible = 0;
			defaultConfigurationName = Release;
		};
/* End XCConfigurationList section */
	};
	rootObject = ECE0697D1FA2478100EA33F5 /* Project object */;
}
